
Microsoft Visual Studio Solution File, Format Version 12.00
# Visual Studio Version 16
VisualStudioVersion = 16.0.30011.22
MinimumVisualStudioVersion = 10.0.40219.1
Project("{9A19103F-16F7-4668-BE54-9A1E7A4F7556}") = "ChatAPI", "ChatAPI\ChatAPI.csproj", "{3D9AE5CF-A6EA-4ABE-B9C4-68D6E4E2DCA2}"
EndProject
Project("{9A19103F-16F7-4668-BE54-9A1E7A4F7556}") = "Encryptors", "Encryptors\Encryptors.csproj", "{7C54DF1B-B226-4BB8-AB72-21F7EC9E3EFC}"
EndProject
Project("{FAE04EC0-301F-11D3-BF4B-00C04F79EFBC}") = "Compressor", "Compressor\Compressor.csproj", "{420064D4-36ED-4012-A848-7A105AADA76C}"
EndProject
Global
	GlobalSection(SolutionConfigurationPlatforms) = preSolution
		Debug|Any CPU = Debug|Any CPU
		Release|Any CPU = Release|Any CPU
	EndGlobalSection
	GlobalSection(ProjectConfigurationPlatforms) = postSolution
		{3D9AE5CF-A6EA-4ABE-B9C4-68D6E4E2DCA2}.Debug|Any CPU.ActiveCfg = Debug|Any CPU
		{3D9AE5CF-A6EA-4ABE-B9C4-68D6E4E2DCA2}.Debug|Any CPU.Build.0 = Debug|Any CPU
		{3D9AE5CF-A6EA-4ABE-B9C4-68D6E4E2DCA2}.Release|Any CPU.ActiveCfg = Release|Any CPU
		{3D9AE5CF-A6EA-4ABE-B9C4-68D6E4E2DCA2}.Release|Any CPU.Build.0 = Release|Any CPU
		{7C54DF1B-B226-4BB8-AB72-21F7EC9E3EFC}.Debug|Any CPU.ActiveCfg = Debug|Any CPU
		{7C54DF1B-B226-4BB8-AB72-21F7EC9E3EFC}.Debug|Any CPU.Build.0 = Debug|Any CPU
		{7C54DF1B-B226-4BB8-AB72-21F7EC9E3EFC}.Release|Any CPU.ActiveCfg = Release|Any CPU
		{7C54DF1B-B226-4BB8-AB72-21F7EC9E3EFC}.Release|Any CPU.Build.0 = Release|Any CPU
		{420064D4-36ED-4012-A848-7A105AADA76C}.Debug|Any CPU.ActiveCfg = Debug|Any CPU
		{420064D4-36ED-4012-A848-7A105AADA76C}.Debug|Any CPU.Build.0 = Debug|Any CPU
		{420064D4-36ED-4012-A848-7A105AADA76C}.Release|Any CPU.ActiveCfg = Release|Any CPU
		{420064D4-36ED-4012-A848-7A105AADA76C}.Release|Any CPU.Build.0 = Release|Any CPU
	EndGlobalSection
	GlobalSection(SolutionProperties) = preSolution
		HideSolutionNode = FALSE
	EndGlobalSection
	GlobalSection(ExtensibilityGlobals) = postSolution
		SolutionGuid = {6632E19A-0803-44E2-B3FE-507029A29728}
	EndGlobalSection
EndGlobal
